{
  "name": "secure-channels",
  "version": "1.0.0",
  "lockfileVersion": 1,
  "requires": true,
  "dependencies": {
    "octopus": {
      "version": "git+http://github.com/privatesky/updater.git#d0d7582ea90021bbc7d156b7dbdd31bebb0ec891",
      "from": "git+http://github.com/privatesky/updater.git"
    }
  }
}
